// !$*UTF8*$!
{
	archiveVersion = 1;
	classes = {
	};
	objectVersion = 56;
	objects = {

/* Begin PBXBuildFile section */
		27254C512A9CD7F1000D56B9 /* AppDelegate.swift in Sources */ = {isa = PBXBuildFile; fileRef = 27254C502A9CD7F1000D56B9 /* AppDelegate.swift */; };
		27254C532A9CD7F1000D56B9 /* SceneDelegate.swift in Sources */ = {isa = PBXBuildFile; fileRef = 27254C522A9CD7F1000D56B9 /* SceneDelegate.swift */; };
		27254C552A9CD7F1000D56B9 /* ViewController.swift in Sources */ = {isa = PBXBuildFile; fileRef = 27254C542A9CD7F1000D56B9 /* ViewController.swift */; };
		27254C582A9CD7F1000D56B9 /* Main.storyboard in Resources */ = {isa = PBXBuildFile; fileRef = 27254C562A9CD7F1000D56B9 /* Main.storyboard */; };
		27254C5A2A9CD7F2000D56B9 /* Assets.xcassets in Resources */ = {isa = PBXBuildFile; fileRef = 27254C592A9CD7F2000D56B9 /* Assets.xcassets */; };
		27254C5D2A9CD7F2000D56B9 /* LaunchScreen.storyboard in Resources */ = {isa = PBXBuildFile; fileRef = 27254C5B2A9CD7F2000D56B9 /* LaunchScreen.storyboard */; };
		27254C7D2A9E7E1E000D56B9 /* spain@2x.png in Resources */ = {isa = PBXBuildFile; fileRef = 27254C652A9E7E1E000D56B9 /* spain@2x.png */; };
		27254C7E2A9E7E1E000D56B9 /* nigeria@2x.png in Resources */ = {isa = PBXBuildFile; fileRef = 27254C662A9E7E1E000D56B9 /* nigeria@2x.png */; };
		27254C7F2A9E7E1E000D56B9 /* nigeria@3x.png in Resources */ = {isa = PBXBuildFile; fileRef = 27254C672A9E7E1E000D56B9 /* nigeria@3x.png */; };
		27254C802A9E7E1E000D56B9 /* spain@3x.png in Resources */ = {isa = PBXBuildFile; fileRef = 27254C682A9E7E1E000D56B9 /* spain@3x.png */; };
		27254C812A9E7E1E000D56B9 /* italy@3x.png in Resources */ = {isa = PBXBuildFile; fileRef = 27254C692A9E7E1E000D56B9 /* italy@3x.png */; };
		27254C822A9E7E1E000D56B9 /* ireland@2x.png in Resources */ = {isa = PBXBuildFile; fileRef = 27254C6A2A9E7E1E000D56B9 /* ireland@2x.png */; };
		27254C832A9E7E1E000D56B9 /* germany@3x.png in Resources */ = {isa = PBXBuildFile; fileRef = 27254C6B2A9E7E1E000D56B9 /* germany@3x.png */; };
		27254C842A9E7E1E000D56B9 /* germany@2x.png in Resources */ = {isa = PBXBuildFile; fileRef = 27254C6C2A9E7E1E000D56B9 /* germany@2x.png */; };
		27254C852A9E7E1E000D56B9 /* ireland@3x.png in Resources */ = {isa = PBXBuildFile; fileRef = 27254C6D2A9E7E1E000D56B9 /* ireland@3x.png */; };
		27254C862A9E7E1E000D56B9 /* italy@2x.png in Resources */ = {isa = PBXBuildFile; fileRef = 27254C6E2A9E7E1E000D56B9 /* italy@2x.png */; };
		27254C872A9E7E1E000D56B9 /* poland@2x.png in Resources */ = {isa = PBXBuildFile; fileRef = 27254C6F2A9E7E1E000D56B9 /* poland@2x.png */; };
		27254C882A9E7E1E000D56B9 /* russia@2x.png in Resources */ = {isa = PBXBuildFile; fileRef = 27254C702A9E7E1E000D56B9 /* russia@2x.png */; };
		27254C892A9E7E1E000D56B9 /* estonia@2x.png in Resources */ = {isa = PBXBuildFile; fileRef = 27254C712A9E7E1E000D56B9 /* estonia@2x.png */; };
		27254C8A2A9E7E1E000D56B9 /* estonia@3x.png in Resources */ = {isa = PBXBuildFile; fileRef = 27254C722A9E7E1E000D56B9 /* estonia@3x.png */; };
		27254C8B2A9E7E1E000D56B9 /* russia@3x.png in Resources */ = {isa = PBXBuildFile; fileRef = 27254C732A9E7E1E000D56B9 /* russia@3x.png */; };
		27254C8C2A9E7E1E000D56B9 /* poland@3x.png in Resources */ = {isa = PBXBuildFile; fileRef = 27254C742A9E7E1E000D56B9 /* poland@3x.png */; };
		27254C8D2A9E7E1E000D56B9 /* uk@3x.png in Resources */ = {isa = PBXBuildFile; fileRef = 27254C752A9E7E1E000D56B9 /* uk@3x.png */; };
		27254C8E2A9E7E1E000D56B9 /* us@3x.png in Resources */ = {isa = PBXBuildFile; fileRef = 27254C762A9E7E1E000D56B9 /* us@3x.png */; };
		27254C8F2A9E7E1E000D56B9 /* france@3x.png in Resources */ = {isa = PBXBuildFile; fileRef = 27254C772A9E7E1E000D56B9 /* france@3x.png */; };
		27254C902A9E7E1E000D56B9 /* monaco@2x.png in Resources */ = {isa = PBXBuildFile; fileRef = 27254C782A9E7E1E000D56B9 /* monaco@2x.png */; };
		27254C912A9E7E1E000D56B9 /* monaco@3x.png in Resources */ = {isa = PBXBuildFile; fileRef = 27254C792A9E7E1E000D56B9 /* monaco@3x.png */; };
		27254C922A9E7E1E000D56B9 /* france@2x.png in Resources */ = {isa = PBXBuildFile; fileRef = 27254C7A2A9E7E1E000D56B9 /* france@2x.png */; };
		27254C932A9E7E1E000D56B9 /* us@2x.png in Resources */ = {isa = PBXBuildFile; fileRef = 27254C7B2A9E7E1E000D56B9 /* us@2x.png */; };
		27254C942A9E7E1E000D56B9 /* uk@2x.png in Resources */ = {isa = PBXBuildFile; fileRef = 27254C7C2A9E7E1E000D56B9 /* uk@2x.png */; };
		27254C962A9E9E14000D56B9 /* FlagShareViewController.swift in Sources */ = {isa = PBXBuildFile; fileRef = 27254C952A9E9E14000D56B9 /* FlagShareViewController.swift */; };
/* End PBXBuildFile section */

/* Begin PBXFileReference section */
		27254C4D2A9CD7F1000D56B9 /* UIKit_project04_Milestone_ShareFlag.app */ = {isa = PBXFileReference; explicitFileType = wrapper.application; includeInIndex = 0; path = UIKit_project04_Milestone_ShareFlag.app; sourceTree = BUILT_PRODUCTS_DIR; };
		27254C502A9CD7F1000D56B9 /* AppDelegate.swift */ = {isa = PBXFileReference; lastKnownFileType = sourcecode.swift; path = AppDelegate.swift; sourceTree = "<group>"; };
		27254C522A9CD7F1000D56B9 /* SceneDelegate.swift */ = {isa = PBXFileReference; lastKnownFileType = sourcecode.swift; path = SceneDelegate.swift; sourceTree = "<group>"; };
		27254C542A9CD7F1000D56B9 /* ViewController.swift */ = {isa = PBXFileReference; lastKnownFileType = sourcecode.swift; path = ViewController.swift; sourceTree = "<group>"; };
		27254C572A9CD7F1000D56B9 /* Base */ = {isa = PBXFileReference; lastKnownFileType = file.storyboard; name = Base; path = Base.lproj/Main.storyboard; sourceTree = "<group>"; };
		27254C592A9CD7F2000D56B9 /* Assets.xcassets */ = {isa = PBXFileReference; lastKnownFileType = folder.assetcatalog; path = Assets.xcassets; sourceTree = "<group>"; };
		27254C5C2A9CD7F2000D56B9 /* Base */ = {isa = PBXFileReference; lastKnownFileType = file.storyboard; name = Base; path = Base.lproj/LaunchScreen.storyboard; sourceTree = "<group>"; };
		27254C5E2A9CD7F2000D56B9 /* Info.plist */ = {isa = PBXFileReference; lastKnownFileType = text.plist.xml; path = Info.plist; sourceTree = "<group>"; };
		27254C652A9E7E1E000D56B9 /* spain@2x.png */ = {isa = PBXFileReference; lastKnownFileType = image.png; path = "spain@2x.png"; sourceTree = "<group>"; };
		27254C662A9E7E1E000D56B9 /* nigeria@2x.png */ = {isa = PBXFileReference; lastKnownFileType = image.png; path = "nigeria@2x.png"; sourceTree = "<group>"; };
		27254C672A9E7E1E000D56B9 /* nigeria@3x.png */ = {isa = PBXFileReference; lastKnownFileType = image.png; path = "nigeria@3x.png"; sourceTree = "<group>"; };
		27254C682A9E7E1E000D56B9 /* spain@3x.png */ = {isa = PBXFileReference; lastKnownFileType = image.png; path = "spain@3x.png"; sourceTree = "<group>"; };
		27254C692A9E7E1E000D56B9 /* italy@3x.png */ = {isa = PBXFileReference; lastKnownFileType = image.png; path = "italy@3x.png"; sourceTree = "<group>"; };
		27254C6A2A9E7E1E000D56B9 /* ireland@2x.png */ = {isa = PBXFileReference; lastKnownFileType = image.png; path = "ireland@2x.png"; sourceTree = "<group>"; };
		27254C6B2A9E7E1E000D56B9 /* germany@3x.png */ = {isa = PBXFileReference; lastKnownFileType = image.png; path = "germany@3x.png"; sourceTree = "<group>"; };
		27254C6C2A9E7E1E000D56B9 /* germany@2x.png */ = {isa = PBXFileReference; lastKnownFileType = image.png; path = "germany@2x.png"; sourceTree = "<group>"; };
		27254C6D2A9E7E1E000D56B9 /* ireland@3x.png */ = {isa = PBXFileReference; lastKnownFileType = image.png; path = "ireland@3x.png"; sourceTree = "<group>"; };
		27254C6E2A9E7E1E000D56B9 /* italy@2x.png */ = {isa = PBXFileReference; lastKnownFileType = image.png; path = "italy@2x.png"; sourceTree = "<group>"; };
		27254C6F2A9E7E1E000D56B9 /* poland@2x.png */ = {isa = PBXFileReference; lastKnownFileType = image.png; path = "poland@2x.png"; sourceTree = "<group>"; };
		27254C702A9E7E1E000D56B9 /* russia@2x.png */ = {isa = PBXFileReference; lastKnownFileType = image.png; path = "russia@2x.png"; sourceTree = "<group>"; };
		27254C712A9E7E1E000D56B9 /* estonia@2x.png */ = {isa = PBXFileReference; lastKnownFileType = image.png; path = "estonia@2x.png"; sourceTree = "<group>"; };
		27254C722A9E7E1E000D56B9 /* estonia@3x.png */ = {isa = PBXFileReference; lastKnownFileType = image.png; path = "estonia@3x.png"; sourceTree = "<group>"; };
		27254C732A9E7E1E000D56B9 /* russia@3x.png */ = {isa = PBXFileReference; lastKnownFileType = image.png; path = "russia@3x.png"; sourceTree = "<group>"; };
		27254C742A9E7E1E000D56B9 /* poland@3x.png */ = {isa = PBXFileReference; lastKnownFileType = image.png; path = "poland@3x.png"; sourceTree = "<group>"; };
		27254C752A9E7E1E000D56B9 /* uk@3x.png */ = {isa = PBXFileReference; lastKnownFileType = image.png; path = "uk@3x.png"; sourceTree = "<group>"; };
		27254C762A9E7E1E000D56B9 /* us@3x.png */ = {isa = PBXFileReference; lastKnownFileType = image.png; path = "us@3x.png"; sourceTree = "<group>"; };
		27254C772A9E7E1E000D56B9 /* france@3x.png */ = {isa = PBXFileReference; lastKnownFileType = image.png; path = "france@3x.png"; sourceTree = "<group>"; };
		27254C782A9E7E1E000D56B9 /* monaco@2x.png */ = {isa = PBXFileReference; lastKnownFileType = image.png; path = "monaco@2x.png"; sourceTree = "<group>"; };
		27254C792A9E7E1E000D56B9 /* monaco@3x.png */ = {isa = PBXFileReference; lastKnownFileType = image.png; path = "monaco@3x.png"; sourceTree = "<group>"; };
		27254C7A2A9E7E1E000D56B9 /* france@2x.png */ = {isa = PBXFileReference; lastKnownFileType = image.png; path = "france@2x.png"; sourceTree = "<group>"; };
		27254C7B2A9E7E1E000D56B9 /* us@2x.png */ = {isa = PBXFileReference; lastKnownFileType = image.png; path = "us@2x.png"; sourceTree = "<group>"; };
		27254C7C2A9E7E1E000D56B9 /* uk@2x.png */ = {isa = PBXFileReference; lastKnownFileType = image.png; path = "uk@2x.png"; sourceTree = "<group>"; };
		27254C952A9E9E14000D56B9 /* FlagShareViewController.swift */ = {isa = PBXFileReference; lastKnownFileType = sourcecode.swift; path = FlagShareViewController.swift; sourceTree = "<group>"; };
/* End PBXFileReference section */

/* Begin PBXFrameworksBuildPhase section */
		27254C4A2A9CD7F1000D56B9 /* Frameworks */ = {
			isa = PBXFrameworksBuildPhase;
			buildActionMask = 2147483647;
			files = (
			);
			runOnlyForDeploymentPostprocessing = 0;
		};
/* End PBXFrameworksBuildPhase section */

/* Begin PBXGroup section */
		27254C442A9CD7F0000D56B9 = {
			isa = PBXGroup;
			children = (
				27254C4F2A9CD7F1000D56B9 /* UIKit_project04_Challenge_ShareFlag */,
				27254C4E2A9CD7F1000D56B9 /* Products */,
			);
			sourceTree = "<group>";
		};
		27254C4E2A9CD7F1000D56B9 /* Products */ = {
			isa = PBXGroup;
			children = (
				27254C4D2A9CD7F1000D56B9 /* UIKit_project04_Milestone_ShareFlag.app */,
			);
			name = Products;
			sourceTree = "<group>";
		};
		27254C4F2A9CD7F1000D56B9 /* UIKit_project04_Challenge_ShareFlag */ = {
			isa = PBXGroup;
			children = (
				27254C502A9CD7F1000D56B9 /* AppDelegate.swift */,
				27254C522A9CD7F1000D56B9 /* SceneDelegate.swift */,
				27254C542A9CD7F1000D56B9 /* ViewController.swift */,
				27254C952A9E9E14000D56B9 /* FlagShareViewController.swift */,
				27254C562A9CD7F1000D56B9 /* Main.storyboard */,
				27254C592A9CD7F2000D56B9 /* Assets.xcassets */,
				27254C642A9E7E1E000D56B9 /* flags */,
				27254C5B2A9CD7F2000D56B9 /* LaunchScreen.storyboard */,
				27254C5E2A9CD7F2000D56B9 /* Info.plist */,
			);
			path = UIKit_project04_Challenge_ShareFlag;
			sourceTree = "<group>";
		};
		27254C642A9E7E1E000D56B9 /* flags */ = {
			isa = PBXGroup;
			children = (
				27254C652A9E7E1E000D56B9 /* spain@2x.png */,
				27254C662A9E7E1E000D56B9 /* nigeria@2x.png */,
				27254C672A9E7E1E000D56B9 /* nigeria@3x.png */,
				27254C682A9E7E1E000D56B9 /* spain@3x.png */,
				27254C692A9E7E1E000D56B9 /* italy@3x.png */,
				27254C6A2A9E7E1E000D56B9 /* ireland@2x.png */,
				27254C6B2A9E7E1E000D56B9 /* germany@3x.png */,
				27254C6C2A9E7E1E000D56B9 /* germany@2x.png */,
				27254C6D2A9E7E1E000D56B9 /* ireland@3x.png */,
				27254C6E2A9E7E1E000D56B9 /* italy@2x.png */,
				27254C6F2A9E7E1E000D56B9 /* poland@2x.png */,
				27254C702A9E7E1E000D56B9 /* russia@2x.png */,
				27254C712A9E7E1E000D56B9 /* estonia@2x.png */,
				27254C722A9E7E1E000D56B9 /* estonia@3x.png */,
				27254C732A9E7E1E000D56B9 /* russia@3x.png */,
				27254C742A9E7E1E000D56B9 /* poland@3x.png */,
				27254C752A9E7E1E000D56B9 /* uk@3x.png */,
				27254C762A9E7E1E000D56B9 /* us@3x.png */,
				27254C772A9E7E1E000D56B9 /* france@3x.png */,
				27254C782A9E7E1E000D56B9 /* monaco@2x.png */,
				27254C792A9E7E1E000D56B9 /* monaco@3x.png */,
				27254C7A2A9E7E1E000D56B9 /* france@2x.png */,
				27254C7B2A9E7E1E000D56B9 /* us@2x.png */,
				27254C7C2A9E7E1E000D56B9 /* uk@2x.png */,
			);
			path = flags;
			sourceTree = "<group>";
		};
/* End PBXGroup section */

/* Begin PBXNativeTarget section */
		27254C4C2A9CD7F1000D56B9 /* UIKit_project04_Milestone_ShareFlag */ = {
			isa = PBXNativeTarget;
			buildConfigurationList = 27254C612A9CD7F2000D56B9 /* Build configuration list for PBXNativeTarget "UIKit_project04_Milestone_ShareFlag" */;
			buildPhases = (
				27254C492A9CD7F1000D56B9 /* Sources */,
				27254C4A2A9CD7F1000D56B9 /* Frameworks */,
				27254C4B2A9CD7F1000D56B9 /* Resources */,
			);
			buildRules = (
			);
			dependencies = (
			);
			name = UIKit_project04_Milestone_ShareFlag;
			productName = UIKit_project04_Challenge_ShareFlag;
			productReference = 27254C4D2A9CD7F1000D56B9 /* UIKit_project04_Milestone_ShareFlag.app */;
			productType = "com.apple.product-type.application";
		};
/* End PBXNativeTarget section */

/* Begin PBXProject section */
		27254C452A9CD7F0000D56B9 /* Project object */ = {
			isa = PBXProject;
			attributes = {
				BuildIndependentTargetsInParallel = 1;
				KnownAssetTags = (
					Flag,
				);
				LastSwiftUpdateCheck = 1430;
				LastUpgradeCheck = 1430;
				TargetAttributes = {
					27254C4C2A9CD7F1000D56B9 = {
						CreatedOnToolsVersion = 14.3.1;
					};
				};
			};
			buildConfigurationList = 27254C482A9CD7F0000D56B9 /* Build configuration list for PBXProject "UIKit_project04_Milestone_ShareFlag" */;
			compatibilityVersion = "Xcode 14.0";
			developmentRegion = en;
			hasScannedForEncodings = 0;
			knownRegions = (
				en,
				Base,
			);
			mainGroup = 27254C442A9CD7F0000D56B9;
			productRefGroup = 27254C4E2A9CD7F1000D56B9 /* Products */;
			projectDirPath = "";
			projectRoot = "";
			targets = (
				27254C4C2A9CD7F1000D56B9 /* UIKit_project04_Milestone_ShareFlag */,
			);
		};
/* End PBXProject section */

/* Begin PBXResourcesBuildPhase section */
		27254C4B2A9CD7F1000D56B9 /* Resources */ = {
			isa = PBXResourcesBuildPhase;
			buildActionMask = 2147483647;
			files = (
				27254C912A9E7E1E000D56B9 /* monaco@3x.png in Resources */,
				27254C7E2A9E7E1E000D56B9 /* nigeria@2x.png in Resources */,
				27254C932A9E7E1E000D56B9 /* us@2x.png in Resources */,
				27254C7F2A9E7E1E000D56B9 /* nigeria@3x.png in Resources */,
				27254C8C2A9E7E1E000D56B9 /* poland@3x.png in Resources */,
				27254C8D2A9E7E1E000D56B9 /* uk@3x.png in Resources */,
				27254C922A9E7E1E000D56B9 /* france@2x.png in Resources */,
				27254C862A9E7E1E000D56B9 /* italy@2x.png in Resources */,
				27254C7D2A9E7E1E000D56B9 /* spain@2x.png in Resources */,
				27254C832A9E7E1E000D56B9 /* germany@3x.png in Resources */,
				27254C5D2A9CD7F2000D56B9 /* LaunchScreen.storyboard in Resources */,
				27254C872A9E7E1E000D56B9 /* poland@2x.png in Resources */,
				27254C5A2A9CD7F2000D56B9 /* Assets.xcassets in Resources */,
				27254C812A9E7E1E000D56B9 /* italy@3x.png in Resources */,
				27254C8A2A9E7E1E000D56B9 /* estonia@3x.png in Resources */,
				27254C902A9E7E1E000D56B9 /* monaco@2x.png in Resources */,
				27254C582A9CD7F1000D56B9 /* Main.storyboard in Resources */,
				27254C822A9E7E1E000D56B9 /* ireland@2x.png in Resources */,
				27254C842A9E7E1E000D56B9 /* germany@2x.png in Resources */,
				27254C8E2A9E7E1E000D56B9 /* us@3x.png in Resources */,
				27254C802A9E7E1E000D56B9 /* spain@3x.png in Resources */,
				27254C882A9E7E1E000D56B9 /* russia@2x.png in Resources */,
				27254C892A9E7E1E000D56B9 /* estonia@2x.png in Resources */,
				27254C8B2A9E7E1E000D56B9 /* russia@3x.png in Resources */,
				27254C942A9E7E1E000D56B9 /* uk@2x.png in Resources */,
				27254C8F2A9E7E1E000D56B9 /* france@3x.png in Resources */,
				27254C852A9E7E1E000D56B9 /* ireland@3x.png in Resources */,
			);
			runOnlyForDeploymentPostprocessing = 0;
		};
/* End PBXResourcesBuildPhase section */

/* Begin PBXSourcesBuildPhase section */
		27254C492A9CD7F1000D56B9 /* Sources */ = {
			isa = PBXSourcesBuildPhase;
			buildActionMask = 2147483647;
			files = (
				27254C962A9E9E14000D56B9 /* FlagShareViewController.swift in Sources */,
				27254C552A9CD7F1000D56B9 /* ViewController.swift in Sources */,
				27254C512A9CD7F1000D56B9 /* AppDelegate.swift in Sources */,
				27254C532A9CD7F1000D56B9 /* SceneDelegate.swift in Sources */,
			);
			runOnlyForDeploymentPostprocessing = 0;
		};
/* End PBXSourcesBuildPhase section */

/* Begin PBXVariantGroup section */
		27254C562A9CD7F1000D56B9 /* Main.storyboard */ = {
			isa = PBXVariantGroup;
			children = (
				27254C572A9CD7F1000D56B9 /* Base */,
			);
			name = Main.storyboard;
			sourceTree = "<group>";
		};
		27254C5B2A9CD7F2000D56B9 /* LaunchScreen.storyboard */ = {
			isa = PBXVariantGroup;
			children = (
				27254C5C2A9CD7F2000D56B9 /* Base */,
			);
			name = LaunchScreen.storyboard;
			sourceTree = "<group>";
		};
/* End PBXVariantGroup section */

/* Begin XCBuildConfiguration section */
		27254C5F2A9CD7F2000D56B9 /* Debug */ = {
			isa = XCBuildConfiguration;
			buildSettings = {
				ALWAYS_SEARCH_USER_PATHS = NO;
				CLANG_ANALYZER_NONNULL = YES;
				CLANG_ANALYZER_NUMBER_OBJECT_CONVERSION = YES_AGGRESSIVE;
				CLANG_CXX_LANGUAGE_STANDARD = "gnu++20";
				CLANG_ENABLE_MODULES = YES;
				CLANG_ENABLE_OBJC_ARC = YES;
				CLANG_ENABLE_OBJC_WEAK = YES;
				CLANG_WARN_BLOCK_CAPTURE_AUTORELEASING = YES;
				CLANG_WARN_BOOL_CONVERSION = YES;
				CLANG_WARN_COMMA = YES;
				CLANG_WARN_CONSTANT_CONVERSION = YES;
				CLANG_WARN_DEPRECATED_OBJC_IMPLEMENTATIONS = YES;
				CLANG_WARN_DIRECT_OBJC_ISA_USAGE = YES_ERROR;
				CLANG_WARN_DOCUMENTATION_COMMENTS = YES;
				CLANG_WARN_EMPTY_BODY = YES;
				CLANG_WARN_ENUM_CONVERSION = YES;
				CLANG_WARN_INFINITE_RECURSION = YES;
				CLANG_WARN_INT_CONVERSION = YES;
				CLANG_WARN_NON_LITERAL_NULL_CONVERSION = YES;
				CLANG_WARN_OBJC_IMPLICIT_RETAIN_SELF = YES;
				CLANG_WARN_OBJC_LITERAL_CONVERSION = YES;
				CLANG_WARN_OBJC_ROOT_CLASS = YES_ERROR;
				CLANG_WARN_QUOTED_INCLUDE_IN_FRAMEWORK_HEADER = YES;
				CLANG_WARN_RANGE_LOOP_ANALYSIS = YES;
				CLANG_WARN_STRICT_PROTOTYPES = YES;
				CLANG_WARN_SUSPICIOUS_MOVE = YES;
				CLANG_WARN_UNGUARDED_AVAILABILITY = YES_AGGRESSIVE;
				CLANG_WARN_UNREACHABLE_CODE = YES;
				CLANG_WARN__DUPLICATE_METHOD_MATCH = YES;
				COPY_PHASE_STRIP = NO;
				DEBUG_INFORMATION_FORMAT = dwarf;
				ENABLE_STRICT_OBJC_MSGSEND = YES;
				ENABLE_TESTABILITY = YES;
				GCC_C_LANGUAGE_STANDARD = gnu11;
				GCC_DYNAMIC_NO_PIC = NO;
				GCC_NO_COMMON_BLOCKS = YES;
				GCC_OPTIMIZATION_LEVEL = 0;
				GCC_PREPROCESSOR_DEFINITIONS = (
					"DEBUG=1",
					"$(inherited)",
				);
				GCC_WARN_64_TO_32_BIT_CONVERSION = YES;
				GCC_WARN_ABOUT_RETURN_TYPE = YES_ERROR;
				GCC_WARN_UNDECLARED_SELECTOR = YES;
				GCC_WARN_UNINITIALIZED_AUTOS = YES_AGGRESSIVE;
				GCC_WARN_UNUSED_FUNCTION = YES;
				GCC_WARN_UNUSED_VARIABLE = YES;
				IPHONEOS_DEPLOYMENT_TARGET = 16.4;
				MTL_ENABLE_DEBUG_INFO = INCLUDE_SOURCE;
				MTL_FAST_MATH = YES;
				ONLY_ACTIVE_ARCH = YES;
				SDKROOT = iphoneos;
				SWIFT_ACTIVE_COMPILATION_CONDITIONS = DEBUG;
				SWIFT_OPTIMIZATION_LEVEL = "-Onone";
			};
			name = Debug;
		};
		27254C602A9CD7F2000D56B9 /* Release */ = {
			isa = XCBuildConfiguration;
			buildSettings = {
				ALWAYS_SEARCH_USER_PATHS = NO;
				CLANG_ANALYZER_NONNULL = YES;
				CLANG_ANALYZER_NUMBER_OBJECT_CONVERSION = YES_AGGRESSIVE;
				CLANG_CXX_LANGUAGE_STANDARD = "gnu++20";
				CLANG_ENABLE_MODULES = YES;
				CLANG_ENABLE_OBJC_ARC = YES;
				CLANG_ENABLE_OBJC_WEAK = YES;
				CLANG_WARN_BLOCK_CAPTURE_AUTORELEASING = YES;
				CLANG_WARN_BOOL_CONVERSION = YES;
				CLANG_WARN_COMMA = YES;
				CLANG_WARN_CONSTANT_CONVERSION = YES;
				CLANG_WARN_DEPRECATED_OBJC_IMPLEMENTATIONS = YES;
				CLANG_WARN_DIRECT_OBJC_ISA_USAGE = YES_ERROR;
				CLANG_WARN_DOCUMENTATION_COMMENTS = YES;
				CLANG_WARN_EMPTY_BODY = YES;
				CLANG_WARN_ENUM_CONVERSION = YES;
				CLANG_WARN_INFINITE_RECURSION = YES;
				CLANG_WARN_INT_CONVERSION = YES;
				CLANG_WARN_NON_LITERAL_NULL_CONVERSION = YES;
				CLANG_WARN_OBJC_IMPLICIT_RETAIN_SELF = YES;
				CLANG_WARN_OBJC_LITERAL_CONVERSION = YES;
				CLANG_WARN_OBJC_ROOT_CLASS = YES_ERROR;
				CLANG_WARN_QUOTED_INCLUDE_IN_FRAMEWORK_HEADER = YES;
				CLANG_WARN_RANGE_LOOP_ANALYSIS = YES;
				CLANG_WARN_STRICT_PROTOTYPES = YES;
				CLANG_WARN_SUSPICIOUS_MOVE = YES;
				CLANG_WARN_UNGUARDED_AVAILABILITY = YES_AGGRESSIVE;
				CLANG_WARN_UNREACHABLE_CODE = YES;
				CLANG_WARN__DUPLICATE_METHOD_MATCH = YES;
				COPY_PHASE_STRIP = NO;
				DEBUG_INFORMATION_FORMAT = "dwarf-with-dsym";
				ENABLE_NS_ASSERTIONS = NO;
				ENABLE_STRICT_OBJC_MSGSEND = YES;
				GCC_C_LANGUAGE_STANDARD = gnu11;
				GCC_NO_COMMON_BLOCKS = YES;
				GCC_WARN_64_TO_32_BIT_CONVERSION = YES;
				GCC_WARN_ABOUT_RETURN_TYPE = YES_ERROR;
				GCC_WARN_UNDECLARED_SELECTOR = YES;
				GCC_WARN_UNINITIALIZED_AUTOS = YES_AGGRESSIVE;
				GCC_WARN_UNUSED_FUNCTION = YES;
				GCC_WARN_UNUSED_VARIABLE = YES;
				IPHONEOS_DEPLOYMENT_TARGET = 16.4;
				MTL_ENABLE_DEBUG_INFO = NO;
				MTL_FAST_MATH = YES;
				SDKROOT = iphoneos;
				SWIFT_COMPILATION_MODE = wholemodule;
				SWIFT_OPTIMIZATION_LEVEL = "-O";
				VALIDATE_PRODUCT = YES;
			};
			name = Release;
		};
		27254C622A9CD7F2000D56B9 /* Debug */ = {
			isa = XCBuildConfiguration;
			buildSettings = {
				ASSETCATALOG_COMPILER_APPICON_NAME = AppIcon;
				ASSETCATALOG_COMPILER_GLOBAL_ACCENT_COLOR_NAME = AccentColor;
				CODE_SIGN_STYLE = Automatic;
				CURRENT_PROJECT_VERSION = 1;
				DEVELOPMENT_TEAM = V4L2W9TKFK;
				GENERATE_INFOPLIST_FILE = YES;
				INFOPLIST_FILE = UIKit_project04_Challenge_ShareFlag/Info.plist;
				INFOPLIST_KEY_UIApplicationSupportsIndirectInputEvents = YES;
				INFOPLIST_KEY_UILaunchStoryboardName = LaunchScreen;
				INFOPLIST_KEY_UIMainStoryboardFile = Main;
				INFOPLIST_KEY_UISupportedInterfaceOrientations_iPad = "UIInterfaceOrientationPortrait UIInterfaceOrientationPortraitUpsideDown UIInterfaceOrientationLandscapeLeft UIInterfaceOrientationLandscapeRight";
				INFOPLIST_KEY_UISupportedInterfaceOrientations_iPhone = "UIInterfaceOrientationPortrait UIInterfaceOrientationLandscapeLeft UIInterfaceOrientationLandscapeRight";
				LD_RUNPATH_SEARCH_PATHS = (
					"$(inherited)",
					"@executable_path/Frameworks",
				);
				MARKETING_VERSION = 1.0;
				PRODUCT_BUNDLE_IDENTIFIER = "my.zh.UIKit-project04-Milestone-ShareFlag";
				PRODUCT_NAME = "$(TARGET_NAME)";
				SWIFT_EMIT_LOC_STRINGS = YES;
				SWIFT_VERSION = 5.0;
				TARGETED_DEVICE_FAMILY = "1,2";
			};
			name = Debug;
		};
		27254C632A9CD7F2000D56B9 /* Release */ = {
			isa = XCBuildConfiguration;
			buildSettings = {
				ASSETCATALOG_COMPILER_APPICON_NAME = AppIcon;
				ASSETCATALOG_COMPILER_GLOBAL_ACCENT_COLOR_NAME = AccentColor;
				CODE_SIGN_STYLE = Automatic;
				CURRENT_PROJECT_VERSION = 1;
				DEVELOPMENT_TEAM = V4L2W9TKFK;
				GENERATE_INFOPLIST_FILE = YES;
				INFOPLIST_FILE = UIKit_project04_Challenge_ShareFlag/Info.plist;
				INFOPLIST_KEY_UIApplicationSupportsIndirectInputEvents = YES;
				INFOPLIST_KEY_UILaunchStoryboardName = LaunchScreen;
				INFOPLIST_KEY_UIMainStoryboardFile = Main;
				INFOPLIST_KEY_UISupportedInterfaceOrientations_iPad = "UIInterfaceOrientationPortrait UIInterfaceOrientationPortraitUpsideDown UIInterfaceOrientationLandscapeLeft UIInterfaceOrientationLandscapeRight";
				INFOPLIST_KEY_UISupportedInterfaceOrientations_iPhone = "UIInterfaceOrientationPortrait UIInterfaceOrientationLandscapeLeft UIInterfaceOrientationLandscapeRight";
				LD_RUNPATH_SEARCH_PATHS = (
					"$(inherited)",
					"@executable_path/Frameworks",
				);
				MARKETING_VERSION = 1.0;
				PRODUCT_BUNDLE_IDENTIFIER = "my.zh.UIKit-project04-Milestone-ShareFlag";
				PRODUCT_NAME = "$(TARGET_NAME)";
				SWIFT_EMIT_LOC_STRINGS = YES;
				SWIFT_VERSION = 5.0;
				TARGETED_DEVICE_FAMILY = "1,2";
			};
			name = Release;
		};
/* End XCBuildConfiguration section */

/* Begin XCConfigurationList section */
		27254C482A9CD7F0000D56B9 /* Build configuration list for PBXProject "UIKit_project04_Milestone_ShareFlag" */ = {
			isa = XCConfigurationList;
			buildConfigurations = (
				27254C5F2A9CD7F2000D56B9 /* Debug */,
				27254C602A9CD7F2000D56B9 /* Release */,
			);
			defaultConfigurationIsVisible = 0;
			defaultConfigurationName = Release;
		};
		27254C612A9CD7F2000D56B9 /* Build configuration list for PBXNativeTarget "UIKit_project04_Milestone_ShareFlag" */ = {
			isa = XCConfigurationList;
			buildConfigurations = (
				27254C622A9CD7F2000D56B9 /* Debug */,
				27254C632A9CD7F2000D56B9 /* Release */,
			);
			defaultConfigurationIsVisible = 0;
			defaultConfigurationName = Release;
		};
/* End XCConfigurationList section */
	};
	rootObject = 27254C452A9CD7F0000D56B9 /* Project object */;
}
